
Microsoft Visual Studio Solution File, Format Version 12.00
# Visual Studio Version 17
VisualStudioVersion = 17.14.36310.24 d17.14
MinimumVisualStudioVersion = 10.0.40219.1
Project("{8BC9CEB8-8B4A-11D0-8D11-00A0C91BC942}") = "Breand_C++", "Breand_C++\Breand_C++.vcxproj", "{CD0328DD-DE3F-4CD7-ABAF-7849D4392010}"
EndProject
Global
	GlobalSection(SolutionConfigurationPlatforms) = preSolution
		Debug|x64 = Debug|x64
		Debug|x86 = Debug|x86
		Release|x64 = Release|x64
		Release|x86 = Release|x86
	EndGlobalSection
	GlobalSection(ProjectConfigurationPlatforms) = postSolution
		{CD0328DD-DE3F-4CD7-ABAF-7849D4392010}.Debug|x64.ActiveCfg = Debug|x64
		{CD0328DD-DE3F-4CD7-ABAF-7849D4392010}.Debug|x64.Build.0 = Debug|x64
		{CD0328DD-DE3F-4CD7-ABAF-7849D4392010}.Debug|x86.ActiveCfg = Debug|Win32
		{CD0328DD-DE3F-4CD7-ABAF-7849D4392010}.Debug|x86.Build.0 = Debug|Win32
		{CD0328DD-DE3F-4CD7-ABAF-7849D4392010}.Release|x64.ActiveCfg = Release|x64
		{CD0328DD-DE3F-4CD7-ABAF-7849D4392010}.Release|x64.Build.0 = Release|x64
		{CD0328DD-DE3F-4CD7-ABAF-7849D4392010}.Release|x86.ActiveCfg = Release|Win32
		{CD0328DD-DE3F-4CD7-ABAF-7849D4392010}.Release|x86.Build.0 = Release|Win32
	EndGlobalSection
	GlobalSection(SolutionProperties) = preSolution
		HideSolutionNode = FALSE
	EndGlobalSection
	GlobalSection(ExtensibilityGlobals) = postSolution
		SolutionGuid = {EF9DCE2A-0517-4F10-8E8B-B47E12F95DCE}
	EndGlobalSection
EndGlobal
